
Microsoft Visual Studio Solution File, Format Version 12.00
# Visual Studio Version 17
VisualStudioVersion = 17.0.32112.339
MinimumVisualStudioVersion = 10.0.40219.1
Project("{FAE04EC0-301F-11D3-BF4B-00C04F79EFBC}") = "HomeWork2", "HomeWork2\HomeWork2.csproj", "{80135244-059D-4BE5-A20A-801AA63DACD5}"
EndProject
Global
	GlobalSection(SolutionConfigurationPlatforms) = preSolution
		Debug|Any CPU = Debug|Any CPU
		Release|Any CPU = Release|Any CPU
	EndGlobalSection
	GlobalSection(ProjectConfigurationPlatforms) = postSolution
		{80135244-059D-4BE5-A20A-801AA63DACD5}.Debug|Any CPU.ActiveCfg = Debug|Any CPU
		{80135244-059D-4BE5-A20A-801AA63DACD5}.Debug|Any CPU.Build.0 = Debug|Any CPU
		{80135244-059D-4BE5-A20A-801AA63DACD5}.Release|Any CPU.ActiveCfg = Release|Any CPU
		{80135244-059D-4BE5-A20A-801AA63DACD5}.Release|Any CPU.Build.0 = Release|Any CPU
	EndGlobalSection
	GlobalSection(SolutionProperties) = preSolution
		HideSolutionNode = FALSE
	EndGlobalSection
	GlobalSection(ExtensibilityGlobals) = postSolution
		SolutionGuid = {B209FC14-9884-4860-942C-70D92F37CE16}
	EndGlobalSection
EndGlobal
